{
  "lib/LayerZero-v2": {
    "rev": "ab9b083410b9359285a5756807e1b6145d4711a7"
  },
  "lib/devtools": {
    "rev": "f447c858d630e217b64013d3fd685ebeedb8ba1e"
  },
  "lib/forge-std": {
    "tag": {
      "name": "v1.14.0",
      "rev": "1801b0541f4fda118a10798fd3486bb7051c5dd6"
    }
  },
  "lib/openzeppelin-contracts": {
    "rev": "ad83688867891a47e9deefa288727e1820ac80cb"
  },
  "lib/solady": {
    "rev": "90db92ce173856605d24a554969f2c67cadbc7e9"
  }
}